// !$*UTF8*$!
{
	archiveVersion = 1;
	classes = {
	};
	objectVersion = 77;
	objects = {

/* Begin PBXBuildFile section */
		0D3C1FC72F6846D400B8A536 /* Assets.xcassets in Resources */ = {isa = PBXBuildFile; fileRef = 0D3C1FC52F68445500B8A536 /* Assets.xcassets */; };
		0D3C1FC92F684AAF00B8A536 /* AppIcon.icon in Resources */ = {isa = PBXBuildFile; fileRef = 0D3C1FC82F684AAF00B8A536 /* AppIcon.icon */; };
		1CED0CC08193A430C4939F61 /* SpotifyControllerTests.swift in Sources */ = {isa = PBXBuildFile; fileRef = BD1CD9BB28E0556E6DEE610E /* SpotifyControllerTests.swift */; };
		208F4550DEB8DF35356F7A15 /* MediaKeyInterceptor.swift in Sources */ = {isa = PBXBuildFile; fileRef = C26E5ABF36F0751109101E0E /* MediaKeyInterceptor.swift */; };
		38E1E5D36BA152DB057FB052 /* PlaySpotApp.swift in Sources */ = {isa = PBXBuildFile; fileRef = 61E135BBB5CA1E8A84804703 /* PlaySpotApp.swift */; };
		5A1088825F1F68D0C63BFAA1 /* AppState.swift in Sources */ = {isa = PBXBuildFile; fileRef = F055136B8FF440AB973DEFBF /* AppState.swift */; };
		5B6D008D25E36730387F56B9 /* MediaKeyInterceptorTests.swift in Sources */ = {isa = PBXBuildFile; fileRef = 4B8A871D78B53FCB3CE83B07 /* MediaKeyInterceptorTests.swift */; };
		93BBF5ED41EA714914ACB338 /* SpotifyController.swift in Sources */ = {isa = PBXBuildFile; fileRef = 74F7F2A0AC6DB6DD212EF3FD /* SpotifyController.swift */; };
		BDB690441B5D43C7CB805207 /* AppDelegate.swift in Sources */ = {isa = PBXBuildFile; fileRef = CDB9642BE869ABB16766B30D /* AppDelegate.swift */; };
		D774F8C1511883430D540373 /* ContentView.swift in Sources */ = {isa = PBXBuildFile; fileRef = B0A44E3F797AB5C4A551E6B8 /* ContentView.swift */; };
		FB675EF1D1CAA790618DE5B8 /* AppStateTests.swift in Sources */ = {isa = PBXBuildFile; fileRef = 1955B267FA584D2420EB35DB /* AppStateTests.swift */; };
/* End PBXBuildFile section */

/* Begin PBXContainerItemProxy section */
		B01F3BDD7C741BC64E8E8D31 /* PBXContainerItemProxy */ = {
			isa = PBXContainerItemProxy;
			containerPortal = F5BAF8247EB8D8EBE5C28757 /* Project object */;
			proxyType = 1;
			remoteGlobalIDString = BADDF113611F5C88EC37450B;
			remoteInfo = PlaySpot;
		};
/* End PBXContainerItemProxy section */

/* Begin PBXFileReference section */
		016EAC57E2E55D07E4E72879 /* PlaySpot.app */ = {isa = PBXFileReference; explicitFileType = wrapper.application; includeInIndex = 0; path = PlaySpot.app; sourceTree = BUILT_PRODUCTS_DIR; };
		0D3C1FC52F68445500B8A536 /* Assets.xcassets */ = {isa = PBXFileReference; lastKnownFileType = folder.assetcatalog; path = Assets.xcassets; sourceTree = "<group>"; };
		0D3C1FC82F684AAF00B8A536 /* AppIcon.icon */ = {isa = PBXFileReference; lastKnownFileType = folder.iconcomposer.icon; path = AppIcon.icon; sourceTree = "<group>"; };
		1955B267FA584D2420EB35DB /* AppStateTests.swift */ = {isa = PBXFileReference; lastKnownFileType = sourcecode.swift; path = AppStateTests.swift; sourceTree = "<group>"; };
		4A618F7156715820E031C26A /* PlaySpot.entitlements */ = {isa = PBXFileReference; lastKnownFileType = text.plist.entitlements; path = PlaySpot.entitlements; sourceTree = "<group>"; };
		4B8A871D78B53FCB3CE83B07 /* MediaKeyInterceptorTests.swift */ = {isa = PBXFileReference; lastKnownFileType = sourcecode.swift; path = MediaKeyInterceptorTests.swift; sourceTree = "<group>"; };
		61E135BBB5CA1E8A84804703 /* PlaySpotApp.swift */ = {isa = PBXFileReference; lastKnownFileType = sourcecode.swift; path = PlaySpotApp.swift; sourceTree = "<group>"; };
		74F7F2A0AC6DB6DD212EF3FD /* SpotifyController.swift */ = {isa = PBXFileReference; lastKnownFileType = sourcecode.swift; path = SpotifyController.swift; sourceTree = "<group>"; };
		8038A175A0AAA96401F4961F /* Info.plist */ = {isa = PBXFileReference; lastKnownFileType = text.plist; path = Info.plist; sourceTree = "<group>"; };
		9A54F6554CBC4386F50EB942 /* Info.plist */ = {isa = PBXFileReference; lastKnownFileType = text.plist; path = Info.plist; sourceTree = "<group>"; };
		B0A44E3F797AB5C4A551E6B8 /* ContentView.swift */ = {isa = PBXFileReference; lastKnownFileType = sourcecode.swift; path = ContentView.swift; sourceTree = "<group>"; };
		BD1CD9BB28E0556E6DEE610E /* SpotifyControllerTests.swift */ = {isa = PBXFileReference; lastKnownFileType = sourcecode.swift; path = SpotifyControllerTests.swift; sourceTree = "<group>"; };
		C26E5ABF36F0751109101E0E /* MediaKeyInterceptor.swift */ = {isa = PBXFileReference; lastKnownFileType = sourcecode.swift; path = MediaKeyInterceptor.swift; sourceTree = "<group>"; };
		CDB9642BE869ABB16766B30D /* AppDelegate.swift */ = {isa = PBXFileReference; lastKnownFileType = sourcecode.swift; path = AppDelegate.swift; sourceTree = "<group>"; };
		E17D11796545ACCFFF55265F /* PlaySpotTests.xctest */ = {isa = PBXFileReference; explicitFileType = wrapper.cfbundle; includeInIndex = 0; path = PlaySpotTests.xctest; sourceTree = BUILT_PRODUCTS_DIR; };
		F055136B8FF440AB973DEFBF /* AppState.swift */ = {isa = PBXFileReference; lastKnownFileType = sourcecode.swift; path = AppState.swift; sourceTree = "<group>"; };
/* End PBXFileReference section */

/* Begin PBXGroup section */
		4318E08A5875A269675783DE /* PlaySpot */ = {
			isa = PBXGroup;
			children = (
				0D3C1FC82F684AAF00B8A536 /* AppIcon.icon */,
				CDB9642BE869ABB16766B30D /* AppDelegate.swift */,
				F055136B8FF440AB973DEFBF /* AppState.swift */,
				B0A44E3F797AB5C4A551E6B8 /* ContentView.swift */,
				8038A175A0AAA96401F4961F /* Info.plist */,
				C26E5ABF36F0751109101E0E /* MediaKeyInterceptor.swift */,
				4A618F7156715820E031C26A /* PlaySpot.entitlements */,
				61E135BBB5CA1E8A84804703 /* PlaySpotApp.swift */,
				74F7F2A0AC6DB6DD212EF3FD /* SpotifyController.swift */,
				0D3C1FC52F68445500B8A536 /* Assets.xcassets */,
			);
			path = PlaySpot;
			sourceTree = "<group>";
		};
		5E8701C57E31F0CC8563BF71 = {
			isa = PBXGroup;
			children = (
				4318E08A5875A269675783DE /* PlaySpot */,
				E5BDBDF8F2CE5D6E5FEAE390 /* PlaySpotTests */,
				B6D381267B64BF9569E972CA /* Products */,
			);
			sourceTree = "<group>";
		};
		B6D381267B64BF9569E972CA /* Products */ = {
			isa = PBXGroup;
			children = (
				016EAC57E2E55D07E4E72879 /* PlaySpot.app */,
				E17D11796545ACCFFF55265F /* PlaySpotTests.xctest */,
			);
			name = Products;
			sourceTree = "<group>";
		};
		E5BDBDF8F2CE5D6E5FEAE390 /* PlaySpotTests */ = {
			isa = PBXGroup;
			children = (
				1955B267FA584D2420EB35DB /* AppStateTests.swift */,
				9A54F6554CBC4386F50EB942 /* Info.plist */,
				4B8A871D78B53FCB3CE83B07 /* MediaKeyInterceptorTests.swift */,
				BD1CD9BB28E0556E6DEE610E /* SpotifyControllerTests.swift */,
			);
			path = PlaySpotTests;
			sourceTree = "<group>";
		};
/* End PBXGroup section */

/* Begin PBXNativeTarget section */
		BADDF113611F5C88EC37450B /* PlaySpot */ = {
			isa = PBXNativeTarget;
			buildConfigurationList = D2CE978E79149F821AA5B4D6 /* Build configuration list for PBXNativeTarget "PlaySpot" */;
			buildPhases = (
				10C84223088DA70A05493C9F /* Sources */,
				0D3C1FC62F6846C200B8A536 /* Resources */,
			);
			buildRules = (
			);
			dependencies = (
			);
			name = PlaySpot;
			packageProductDependencies = (
			);
			productName = PlaySpot;
			productReference = 016EAC57E2E55D07E4E72879 /* PlaySpot.app */;
			productType = "com.apple.product-type.application";
		};
		EEBC2AD4D8CDF7D506189DDC /* PlaySpotTests */ = {
			isa = PBXNativeTarget;
			buildConfigurationList = E999F2B6AF1937698F2D6745 /* Build configuration list for PBXNativeTarget "PlaySpotTests" */;
			buildPhases = (
				CAA5D08BAAE5F1E0B344FCE0 /* Sources */,
			);
			buildRules = (
			);
			dependencies = (
				7FA2698B34799FFB012FBEEE /* PBXTargetDependency */,
			);
			name = PlaySpotTests;
			packageProductDependencies = (
			);
			productName = PlaySpotTests;
			productReference = E17D11796545ACCFFF55265F /* PlaySpotTests.xctest */;
			productType = "com.apple.product-type.bundle.unit-test";
		};
/* End PBXNativeTarget section */

/* Begin PBXProject section */
		F5BAF8247EB8D8EBE5C28757 /* Project object */ = {
			isa = PBXProject;
			attributes = {
				BuildIndependentTargetsInParallel = YES;
				LastUpgradeCheck = 1500;
				TargetAttributes = {
					BADDF113611F5C88EC37450B = {
						ProvisioningStyle = Automatic;
					};
					EEBC2AD4D8CDF7D506189DDC = {
						ProvisioningStyle = Automatic;
					};
				};
			};
			buildConfigurationList = 569FD0197EA9D4C285B12EA6 /* Build configuration list for PBXProject "PlaySpot" */;
			developmentRegion = en;
			hasScannedForEncodings = 0;
			knownRegions = (
				Base,
				en,
			);
			mainGroup = 5E8701C57E31F0CC8563BF71;
			minimizedProjectReferenceProxies = 1;
			preferredProjectObjectVersion = 77;
			productRefGroup = B6D381267B64BF9569E972CA /* Products */;
			projectDirPath = "";
			projectRoot = "";
			targets = (
				BADDF113611F5C88EC37450B /* PlaySpot */,
				EEBC2AD4D8CDF7D506189DDC /* PlaySpotTests */,
			);
		};
/* End PBXProject section */

/* Begin PBXResourcesBuildPhase section */
		0D3C1FC62F6846C200B8A536 /* Resources */ = {
			isa = PBXResourcesBuildPhase;
			buildActionMask = 2147483647;
			files = (
				0D3C1FC72F6846D400B8A536 /* Assets.xcassets in Resources */,
				0D3C1FC92F684AAF00B8A536 /* AppIcon.icon in Resources */,
			);
			runOnlyForDeploymentPostprocessing = 0;
		};
/* End PBXResourcesBuildPhase section */

/* Begin PBXSourcesBuildPhase section */
		10C84223088DA70A05493C9F /* Sources */ = {
			isa = PBXSourcesBuildPhase;
			buildActionMask = 2147483647;
			files = (
				BDB690441B5D43C7CB805207 /* AppDelegate.swift in Sources */,
				5A1088825F1F68D0C63BFAA1 /* AppState.swift in Sources */,
				D774F8C1511883430D540373 /* ContentView.swift in Sources */,
				208F4550DEB8DF35356F7A15 /* MediaKeyInterceptor.swift in Sources */,
				38E1E5D36BA152DB057FB052 /* PlaySpotApp.swift in Sources */,
				93BBF5ED41EA714914ACB338 /* SpotifyController.swift in Sources */,
			);
			runOnlyForDeploymentPostprocessing = 0;
		};
		CAA5D08BAAE5F1E0B344FCE0 /* Sources */ = {
			isa = PBXSourcesBuildPhase;
			buildActionMask = 2147483647;
			files = (
				FB675EF1D1CAA790618DE5B8 /* AppStateTests.swift in Sources */,
				5B6D008D25E36730387F56B9 /* MediaKeyInterceptorTests.swift in Sources */,
				1CED0CC08193A430C4939F61 /* SpotifyControllerTests.swift in Sources */,
			);
			runOnlyForDeploymentPostprocessing = 0;
		};
/* End PBXSourcesBuildPhase section */

/* Begin PBXTargetDependency section */
		7FA2698B34799FFB012FBEEE /* PBXTargetDependency */ = {
			isa = PBXTargetDependency;
			target = BADDF113611F5C88EC37450B /* PlaySpot */;
			targetProxy = B01F3BDD7C741BC64E8E8D31 /* PBXContainerItemProxy */;
		};
/* End PBXTargetDependency section */

/* Begin XCBuildConfiguration section */
		31706EBD1F99466384802E4F /* Release */ = {
			isa = XCBuildConfiguration;
			buildSettings = {
				ALWAYS_SEARCH_USER_PATHS = NO;
				CLANG_ANALYZER_NONNULL = YES;
				CLANG_ANALYZER_NUMBER_OBJECT_CONVERSION = YES_AGGRESSIVE;
				CLANG_CXX_LANGUAGE_STANDARD = "gnu++14";
				CLANG_CXX_LIBRARY = "libc++";
				CLANG_ENABLE_MODULES = YES;
				CLANG_ENABLE_OBJC_ARC = YES;
				CLANG_ENABLE_OBJC_WEAK = YES;
				CLANG_WARN_BLOCK_CAPTURE_AUTORELEASING = YES;
				CLANG_WARN_BOOL_CONVERSION = YES;
				CLANG_WARN_COMMA = YES;
				CLANG_WARN_CONSTANT_CONVERSION = YES;
				CLANG_WARN_DEPRECATED_OBJC_IMPLEMENTATIONS = YES;
				CLANG_WARN_DIRECT_OBJC_ISA_USAGE = YES_ERROR;
				CLANG_WARN_DOCUMENTATION_COMMENTS = YES;
				CLANG_WARN_EMPTY_BODY = YES;
				CLANG_WARN_ENUM_CONVERSION = YES;
				CLANG_WARN_INFINITE_RECURSION = YES;
				CLANG_WARN_INT_CONVERSION = YES;
				CLANG_WARN_NON_LITERAL_NULL_CONVERSION = YES;
				CLANG_WARN_OBJC_IMPLICIT_RETAIN_SELF = YES;
				CLANG_WARN_OBJC_LITERAL_CONVERSION = YES;
				CLANG_WARN_OBJC_ROOT_CLASS = YES_ERROR;
				CLANG_WARN_QUOTED_INCLUDE_IN_FRAMEWORK_HEADER = YES;
				CLANG_WARN_RANGE_LOOP_ANALYSIS = YES;
				CLANG_WARN_STRICT_PROTOTYPES = YES;
				CLANG_WARN_SUSPICIOUS_MOVE = YES;
				CLANG_WARN_UNGUARDED_AVAILABILITY = YES_AGGRESSIVE;
				CLANG_WARN_UNREACHABLE_CODE = YES;
				CLANG_WARN__DUPLICATE_METHOD_MATCH = YES;
				COPY_PHASE_STRIP = NO;
				DEBUG_INFORMATION_FORMAT = "dwarf-with-dsym";
				ENABLE_HARDENED_RUNTIME = NO;
				ENABLE_NS_ASSERTIONS = NO;
				ENABLE_STRICT_OBJC_MSGSEND = YES;
				GCC_C_LANGUAGE_STANDARD = gnu11;
				GCC_NO_COMMON_BLOCKS = YES;
				GCC_WARN_64_TO_32_BIT_CONVERSION = YES;
				GCC_WARN_ABOUT_RETURN_TYPE = YES_ERROR;
				GCC_WARN_UNDECLARED_SELECTOR = YES;
				GCC_WARN_UNINITIALIZED_AUTOS = YES_AGGRESSIVE;
				GCC_WARN_UNUSED_FUNCTION = YES;
				GCC_WARN_UNUSED_VARIABLE = YES;
				MACOSX_DEPLOYMENT_TARGET = 13.0;
				MTL_ENABLE_DEBUG_INFO = NO;
				MTL_FAST_MATH = YES;
				PRODUCT_NAME = "$(TARGET_NAME)";
				SDKROOT = macosx;
				SWIFT_COMPILATION_MODE = wholemodule;
				SWIFT_OPTIMIZATION_LEVEL = "-O";
				SWIFT_VERSION = 5.9;
			};
			name = Release;
		};
		461AEF3C5430CF880AB87326 /* Debug */ = {
			isa = XCBuildConfiguration;
			buildSettings = {
				BUNDLE_LOADER = "$(TEST_HOST)";
				CODE_SIGN_STYLE = Automatic;
				COMBINE_HIDPI_IMAGES = YES;
				INFOPLIST_FILE = PlaySpotTests/Info.plist;
				LD_RUNPATH_SEARCH_PATHS = (
					"$(inherited)",
					"@executable_path/../Frameworks",
					"@loader_path/../Frameworks",
				);
				MACOSX_DEPLOYMENT_TARGET = 13.0;
				PRODUCT_BUNDLE_IDENTIFIER = com.local.PlaySpotTests;
				SDKROOT = macosx;
				TEST_HOST = "$(BUILT_PRODUCTS_DIR)/PlaySpot.app/Contents/MacOS/PlaySpot";
			};
			name = Debug;
		};
		94697EF620DF19D998367C3E /* Debug */ = {
			isa = XCBuildConfiguration;
			buildSettings = {
				ASSETCATALOG_COMPILER_APPICON_NAME = AppIcon;
				CODE_SIGN_ENTITLEMENTS = PlaySpot/PlaySpot.entitlements;
				CODE_SIGN_STYLE = Automatic;
				COMBINE_HIDPI_IMAGES = YES;
				ENABLE_APP_SANDBOX = NO;
				ENABLE_HARDENED_RUNTIME = NO;
				INFOPLIST_FILE = PlaySpot/Info.plist;
				LD_RUNPATH_SEARCH_PATHS = (
					"$(inherited)",
					"@executable_path/../Frameworks",
				);
				MACOSX_DEPLOYMENT_TARGET = 13.0;
				PRODUCT_BUNDLE_IDENTIFIER = com.local.PlaySpot;
				SDKROOT = macosx;
			};
			name = Debug;
		};
		AE29B3FA7FCB63532FCA4BCC /* Debug */ = {
			isa = XCBuildConfiguration;
			buildSettings = {
				ALWAYS_SEARCH_USER_PATHS = NO;
				CLANG_ANALYZER_NONNULL = YES;
				CLANG_ANALYZER_NUMBER_OBJECT_CONVERSION = YES_AGGRESSIVE;
				CLANG_CXX_LANGUAGE_STANDARD = "gnu++14";
				CLANG_CXX_LIBRARY = "libc++";
				CLANG_ENABLE_MODULES = YES;
				CLANG_ENABLE_OBJC_ARC = YES;
				CLANG_ENABLE_OBJC_WEAK = YES;
				CLANG_WARN_BLOCK_CAPTURE_AUTORELEASING = YES;
				CLANG_WARN_BOOL_CONVERSION = YES;
				CLANG_WARN_COMMA = YES;
				CLANG_WARN_CONSTANT_CONVERSION = YES;
				CLANG_WARN_DEPRECATED_OBJC_IMPLEMENTATIONS = YES;
				CLANG_WARN_DIRECT_OBJC_ISA_USAGE = YES_ERROR;
				CLANG_WARN_DOCUMENTATION_COMMENTS = YES;
				CLANG_WARN_EMPTY_BODY = YES;
				CLANG_WARN_ENUM_CONVERSION = YES;
				CLANG_WARN_INFINITE_RECURSION = YES;
				CLANG_WARN_INT_CONVERSION = YES;
				CLANG_WARN_NON_LITERAL_NULL_CONVERSION = YES;
				CLANG_WARN_OBJC_IMPLICIT_RETAIN_SELF = YES;
				CLANG_WARN_OBJC_LITERAL_CONVERSION = YES;
				CLANG_WARN_OBJC_ROOT_CLASS = YES_ERROR;
				CLANG_WARN_QUOTED_INCLUDE_IN_FRAMEWORK_HEADER = YES;
				CLANG_WARN_RANGE_LOOP_ANALYSIS = YES;
				CLANG_WARN_STRICT_PROTOTYPES = YES;
				CLANG_WARN_SUSPICIOUS_MOVE = YES;
				CLANG_WARN_UNGUARDED_AVAILABILITY = YES_AGGRESSIVE;
				CLANG_WARN_UNREACHABLE_CODE = YES;
				CLANG_WARN__DUPLICATE_METHOD_MATCH = YES;
				COPY_PHASE_STRIP = NO;
				DEBUG_INFORMATION_FORMAT = dwarf;
				ENABLE_HARDENED_RUNTIME = NO;
				ENABLE_STRICT_OBJC_MSGSEND = YES;
				ENABLE_TESTABILITY = YES;
				GCC_C_LANGUAGE_STANDARD = gnu11;
				GCC_DYNAMIC_NO_PIC = NO;
				GCC_NO_COMMON_BLOCKS = YES;
				GCC_OPTIMIZATION_LEVEL = 0;
				GCC_PREPROCESSOR_DEFINITIONS = (
					"$(inherited)",
					"DEBUG=1",
				);
				GCC_WARN_64_TO_32_BIT_CONVERSION = YES;
				GCC_WARN_ABOUT_RETURN_TYPE = YES_ERROR;
				GCC_WARN_UNDECLARED_SELECTOR = YES;
				GCC_WARN_UNINITIALIZED_AUTOS = YES_AGGRESSIVE;
				GCC_WARN_UNUSED_FUNCTION = YES;
				GCC_WARN_UNUSED_VARIABLE = YES;
				MACOSX_DEPLOYMENT_TARGET = 13.0;
				MTL_ENABLE_DEBUG_INFO = INCLUDE_SOURCE;
				MTL_FAST_MATH = YES;
				ONLY_ACTIVE_ARCH = YES;
				PRODUCT_NAME = "$(TARGET_NAME)";
				SDKROOT = macosx;
				SWIFT_ACTIVE_COMPILATION_CONDITIONS = DEBUG;
				SWIFT_OPTIMIZATION_LEVEL = "-Onone";
				SWIFT_VERSION = 5.9;
			};
			name = Debug;
		};
		D056C212E6FA6374903E2252 /* Release */ = {
			isa = XCBuildConfiguration;
			buildSettings = {
				BUNDLE_LOADER = "$(TEST_HOST)";
				CODE_SIGN_STYLE = Automatic;
				COMBINE_HIDPI_IMAGES = YES;
				INFOPLIST_FILE = PlaySpotTests/Info.plist;
				LD_RUNPATH_SEARCH_PATHS = (
					"$(inherited)",
					"@executable_path/../Frameworks",
					"@loader_path/../Frameworks",
				);
				MACOSX_DEPLOYMENT_TARGET = 13.0;
				PRODUCT_BUNDLE_IDENTIFIER = com.local.PlaySpotTests;
				SDKROOT = macosx;
				TEST_HOST = "$(BUILT_PRODUCTS_DIR)/PlaySpot.app/Contents/MacOS/PlaySpot";
			};
			name = Release;
		};
		F293A8CE74BC76257E94FE6C /* Release */ = {
			isa = XCBuildConfiguration;
			buildSettings = {
				ASSETCATALOG_COMPILER_APPICON_NAME = AppIcon;
				CODE_SIGN_ENTITLEMENTS = PlaySpot/PlaySpot.entitlements;
				CODE_SIGN_STYLE = Automatic;
				COMBINE_HIDPI_IMAGES = YES;
				ENABLE_APP_SANDBOX = NO;
				ENABLE_HARDENED_RUNTIME = NO;
				INFOPLIST_FILE = PlaySpot/Info.plist;
				LD_RUNPATH_SEARCH_PATHS = (
					"$(inherited)",
					"@executable_path/../Frameworks",
				);
				MACOSX_DEPLOYMENT_TARGET = 13.0;
				PRODUCT_BUNDLE_IDENTIFIER = com.local.PlaySpot;
				SDKROOT = macosx;
			};
			name = Release;
		};
/* End XCBuildConfiguration section */

/* Begin XCConfigurationList section */
		569FD0197EA9D4C285B12EA6 /* Build configuration list for PBXProject "PlaySpot" */ = {
			isa = XCConfigurationList;
			buildConfigurations = (
				AE29B3FA7FCB63532FCA4BCC /* Debug */,
				31706EBD1F99466384802E4F /* Release */,
			);
			defaultConfigurationIsVisible = 0;
			defaultConfigurationName = Debug;
		};
		D2CE978E79149F821AA5B4D6 /* Build configuration list for PBXNativeTarget "PlaySpot" */ = {
			isa = XCConfigurationList;
			buildConfigurations = (
				94697EF620DF19D998367C3E /* Debug */,
				F293A8CE74BC76257E94FE6C /* Release */,
			);
			defaultConfigurationIsVisible = 0;
			defaultConfigurationName = Debug;
		};
		E999F2B6AF1937698F2D6745 /* Build configuration list for PBXNativeTarget "PlaySpotTests" */ = {
			isa = XCConfigurationList;
			buildConfigurations = (
				461AEF3C5430CF880AB87326 /* Debug */,
				D056C212E6FA6374903E2252 /* Release */,
			);
			defaultConfigurationIsVisible = 0;
			defaultConfigurationName = Debug;
		};
/* End XCConfigurationList section */
	};
	rootObject = F5BAF8247EB8D8EBE5C28757 /* Project object */;
}
